// !$*UTF8*$!
{
	archiveVersion = 1;
	classes = {
	};
	objectVersion = 48;
	objects = {

/* Begin PBXBuildFile section */
		1795D9A8AC35D2510EAA7A8B /* Pods_LocationTrackerTests.framework in Frameworks */ = {isa = PBXBuildFile; fileRef = D7ABDDEE4E10DC45A30CE91D /* Pods_LocationTrackerTests.framework */; };
		B5799B274C8F68431187AB3D /* Pods_LocationTracker.framework in Frameworks */ = {isa = PBXBuildFile; fileRef = A16E7108E5C31B6B1DBA503A /* Pods_LocationTracker.framework */; };
		F224DC8E1F29458300A53B42 /* AppDelegate.swift in Sources */ = {isa = PBXBuildFile; fileRef = F224DC8D1F29458300A53B42 /* AppDelegate.swift */; };
		F224DC901F29458300A53B42 /* ViewController.swift in Sources */ = {isa = PBXBuildFile; fileRef = F224DC8F1F29458300A53B42 /* ViewController.swift */; };
		F224DC931F29458300A53B42 /* Main.storyboard in Resources */ = {isa = PBXBuildFile; fileRef = F224DC911F29458300A53B42 /* Main.storyboard */; };
		F224DC961F29458300A53B42 /* LocationTracker.xcdatamodeld in Sources */ = {isa = PBXBuildFile; fileRef = F224DC941F29458300A53B42 /* LocationTracker.xcdatamodeld */; };
		F224DC981F29458300A53B42 /* Assets.xcassets in Resources */ = {isa = PBXBuildFile; fileRef = F224DC971F29458300A53B42 /* Assets.xcassets */; };
		F224DC9B1F29458300A53B42 /* LaunchScreen.storyboard in Resources */ = {isa = PBXBuildFile; fileRef = F224DC991F29458300A53B42 /* LaunchScreen.storyboard */; };
		F224DCA61F29458300A53B42 /* LocationTrackerTests.swift in Sources */ = {isa = PBXBuildFile; fileRef = F224DCA51F29458300A53B42 /* LocationTrackerTests.swift */; };
		F224DCB21F2945B800A53B42 /* CoreLocation.framework in Frameworks */ = {isa = PBXBuildFile; fileRef = F224DCB11F2945B800A53B42 /* CoreLocation.framework */; };
		F224DCB41F29463A00A53B42 /* LocationManager.swift in Sources */ = {isa = PBXBuildFile; fileRef = F224DCB31F29463A00A53B42 /* LocationManager.swift */; };
		F29A80371F2EE0BE002896D7 /* Networking.swift in Sources */ = {isa = PBXBuildFile; fileRef = F29A80361F2EE0BE002896D7 /* Networking.swift */; };
		F29A80391F2EE113002896D7 /* LocationInfo.swift in Sources */ = {isa = PBXBuildFile; fileRef = F29A80381F2EE113002896D7 /* LocationInfo.swift */; };
		F29A803B1F2EEBC1002896D7 /* PhoneNumber.swift in Sources */ = {isa = PBXBuildFile; fileRef = F29A803A1F2EEBC1002896D7 /* PhoneNumber.swift */; };
		F2E64908204CFC5900271D48 /* Parseable.swift in Sources */ = {isa = PBXBuildFile; fileRef = F2E64907204CFC5900271D48 /* Parseable.swift */; };
		F2E6490A204CFCC200271D48 /* Result.swift in Sources */ = {isa = PBXBuildFile; fileRef = F2E64909204CFCC200271D48 /* Result.swift */; };
/* End PBXBuildFile section */

/* Begin PBXContainerItemProxy section */
		F224DCA21F29458300A53B42 /* PBXContainerItemProxy */ = {
			isa = PBXContainerItemProxy;
			containerPortal = F224DC821F29458300A53B42 /* Project object */;
			proxyType = 1;
			remoteGlobalIDString = F224DC891F29458300A53B42;
			remoteInfo = LocationTracker;
		};
/* End PBXContainerItemProxy section */

/* Begin PBXFileReference section */
		3779E8850D946206525B5D6E /* Pods-LocationTracker.release.xcconfig */ = {isa = PBXFileReference; includeInIndex = 1; lastKnownFileType = text.xcconfig; name = "Pods-LocationTracker.release.xcconfig"; path = "Pods/Target Support Files/Pods-LocationTracker/Pods-LocationTracker.release.xcconfig"; sourceTree = "<group>"; };
		75AA0B321165BE7E10B6E290 /* Pods-LocationTrackerTests.release.xcconfig */ = {isa = PBXFileReference; includeInIndex = 1; lastKnownFileType = text.xcconfig; name = "Pods-LocationTrackerTests.release.xcconfig"; path = "Pods/Target Support Files/Pods-LocationTrackerTests/Pods-LocationTrackerTests.release.xcconfig"; sourceTree = "<group>"; };
		A16E7108E5C31B6B1DBA503A /* Pods_LocationTracker.framework */ = {isa = PBXFileReference; explicitFileType = wrapper.framework; includeInIndex = 0; path = Pods_LocationTracker.framework; sourceTree = BUILT_PRODUCTS_DIR; };
		CBC37C29E0413B10CA26C7D7 /* Pods-LocationTracker.debug.xcconfig */ = {isa = PBXFileReference; includeInIndex = 1; lastKnownFileType = text.xcconfig; name = "Pods-LocationTracker.debug.xcconfig"; path = "Pods/Target Support Files/Pods-LocationTracker/Pods-LocationTracker.debug.xcconfig"; sourceTree = "<group>"; };
		D7ABDDEE4E10DC45A30CE91D /* Pods_LocationTrackerTests.framework */ = {isa = PBXFileReference; explicitFileType = wrapper.framework; includeInIndex = 0; path = Pods_LocationTrackerTests.framework; sourceTree = BUILT_PRODUCTS_DIR; };
		E1E16947BC7DF7A8D8ADA07F /* Pods-LocationTrackerTests.debug.xcconfig */ = {isa = PBXFileReference; includeInIndex = 1; lastKnownFileType = text.xcconfig; name = "Pods-LocationTrackerTests.debug.xcconfig"; path = "Pods/Target Support Files/Pods-LocationTrackerTests/Pods-LocationTrackerTests.debug.xcconfig"; sourceTree = "<group>"; };
		F224DC8A1F29458300A53B42 /* LocationTracker.app */ = {isa = PBXFileReference; explicitFileType = wrapper.application; includeInIndex = 0; path = LocationTracker.app; sourceTree = BUILT_PRODUCTS_DIR; };
		F224DC8D1F29458300A53B42 /* AppDelegate.swift */ = {isa = PBXFileReference; lastKnownFileType = sourcecode.swift; path = AppDelegate.swift; sourceTree = "<group>"; };
		F224DC8F1F29458300A53B42 /* ViewController.swift */ = {isa = PBXFileReference; lastKnownFileType = sourcecode.swift; path = ViewController.swift; sourceTree = "<group>"; };
		F224DC921F29458300A53B42 /* Base */ = {isa = PBXFileReference; lastKnownFileType = file.storyboard; name = Base; path = Base.lproj/Main.storyboard; sourceTree = "<group>"; };
		F224DC951F29458300A53B42 /* LocationTracker.xcdatamodel */ = {isa = PBXFileReference; lastKnownFileType = wrapper.xcdatamodel; path = LocationTracker.xcdatamodel; sourceTree = "<group>"; };
		F224DC971F29458300A53B42 /* Assets.xcassets */ = {isa = PBXFileReference; lastKnownFileType = folder.assetcatalog; path = Assets.xcassets; sourceTree = "<group>"; };
		F224DC9A1F29458300A53B42 /* Base */ = {isa = PBXFileReference; lastKnownFileType = file.storyboard; name = Base; path = Base.lproj/LaunchScreen.storyboard; sourceTree = "<group>"; };
		F224DC9C1F29458300A53B42 /* Info.plist */ = {isa = PBXFileReference; lastKnownFileType = text.plist.xml; path = Info.plist; sourceTree = "<group>"; };
		F224DCA11F29458300A53B42 /* LocationTrackerTests.xctest */ = {isa = PBXFileReference; explicitFileType = wrapper.cfbundle; includeInIndex = 0; path = LocationTrackerTests.xctest; sourceTree = BUILT_PRODUCTS_DIR; };
		F224DCA51F29458300A53B42 /* LocationTrackerTests.swift */ = {isa = PBXFileReference; lastKnownFileType = sourcecode.swift; path = LocationTrackerTests.swift; sourceTree = "<group>"; };
		F224DCA71F29458300A53B42 /* Info.plist */ = {isa = PBXFileReference; lastKnownFileType = text.plist.xml; path = Info.plist; sourceTree = "<group>"; };
		F224DCB11F2945B800A53B42 /* CoreLocation.framework */ = {isa = PBXFileReference; lastKnownFileType = wrapper.framework; name = CoreLocation.framework; path = System/Library/Frameworks/CoreLocation.framework; sourceTree = SDKROOT; };
		F224DCB31F29463A00A53B42 /* LocationManager.swift */ = {isa = PBXFileReference; lastKnownFileType = sourcecode.swift; path = LocationManager.swift; sourceTree = "<group>"; };
		F29A80361F2EE0BE002896D7 /* Networking.swift */ = {isa = PBXFileReference; lastKnownFileType = sourcecode.swift; path = Networking.swift; sourceTree = "<group>"; };
		F29A80381F2EE113002896D7 /* LocationInfo.swift */ = {isa = PBXFileReference; lastKnownFileType = sourcecode.swift; path = LocationInfo.swift; sourceTree = "<group>"; };
		F29A803A1F2EEBC1002896D7 /* PhoneNumber.swift */ = {isa = PBXFileReference; lastKnownFileType = sourcecode.swift; path = PhoneNumber.swift; sourceTree = "<group>"; };
		F2B5B7E21F2AE8EB006C0498 /* LocationTracker.entitlements */ = {isa = PBXFileReference; lastKnownFileType = text.plist.entitlements; path = LocationTracker.entitlements; sourceTree = "<group>"; };
		F2E64907204CFC5900271D48 /* Parseable.swift */ = {isa = PBXFileReference; lastKnownFileType = sourcecode.swift; path = Parseable.swift; sourceTree = "<group>"; };
		F2E64909204CFCC200271D48 /* Result.swift */ = {isa = PBXFileReference; lastKnownFileType = sourcecode.swift; path = Result.swift; sourceTree = "<group>"; };
/* End PBXFileReference section */

/* Begin PBXFrameworksBuildPhase section */
		F224DC871F29458300A53B42 /* Frameworks */ = {
			isa = PBXFrameworksBuildPhase;
			buildActionMask = 2147483647;
			files = (
				F224DCB21F2945B800A53B42 /* CoreLocation.framework in Frameworks */,
				B5799B274C8F68431187AB3D /* Pods_LocationTracker.framework in Frameworks */,
			);
			runOnlyForDeploymentPostprocessing = 0;
		};
		F224DC9E1F29458300A53B42 /* Frameworks */ = {
			isa = PBXFrameworksBuildPhase;
			buildActionMask = 2147483647;
			files = (
				1795D9A8AC35D2510EAA7A8B /* Pods_LocationTrackerTests.framework in Frameworks */,
			);
			runOnlyForDeploymentPostprocessing = 0;
		};
/* End PBXFrameworksBuildPhase section */

/* Begin PBXGroup section */
		897D290ED5359559AA0E77AA /* Pods */ = {
			isa = PBXGroup;
			children = (
				CBC37C29E0413B10CA26C7D7 /* Pods-LocationTracker.debug.xcconfig */,
				3779E8850D946206525B5D6E /* Pods-LocationTracker.release.xcconfig */,
				E1E16947BC7DF7A8D8ADA07F /* Pods-LocationTrackerTests.debug.xcconfig */,
				75AA0B321165BE7E10B6E290 /* Pods-LocationTrackerTests.release.xcconfig */,
			);
			name = Pods;
			sourceTree = "<group>";
		};
		F224DC811F29458300A53B42 = {
			isa = PBXGroup;
			children = (
				F224DC8C1F29458300A53B42 /* LocationTracker */,
				F224DCA41F29458300A53B42 /* LocationTrackerTests */,
				F224DC8B1F29458300A53B42 /* Products */,
				F224DCB01F2945B700A53B42 /* Frameworks */,
				897D290ED5359559AA0E77AA /* Pods */,
			);
			sourceTree = "<group>";
		};
		F224DC8B1F29458300A53B42 /* Products */ = {
			isa = PBXGroup;
			children = (
				F224DC8A1F29458300A53B42 /* LocationTracker.app */,
				F224DCA11F29458300A53B42 /* LocationTrackerTests.xctest */,
			);
			name = Products;
			sourceTree = "<group>";
		};
		F224DC8C1F29458300A53B42 /* LocationTracker */ = {
			isa = PBXGroup;
			children = (
				F2E64906204CFBF600271D48 /* Networking */,
				F2B5B7E21F2AE8EB006C0498 /* LocationTracker.entitlements */,
				F224DC8D1F29458300A53B42 /* AppDelegate.swift */,
				F224DC8F1F29458300A53B42 /* ViewController.swift */,
				F29A803A1F2EEBC1002896D7 /* PhoneNumber.swift */,
				F29A80381F2EE113002896D7 /* LocationInfo.swift */,
				F224DCB31F29463A00A53B42 /* LocationManager.swift */,
				F224DC911F29458300A53B42 /* Main.storyboard */,
				F224DC971F29458300A53B42 /* Assets.xcassets */,
				F224DC991F29458300A53B42 /* LaunchScreen.storyboard */,
				F224DC9C1F29458300A53B42 /* Info.plist */,
				F224DC941F29458300A53B42 /* LocationTracker.xcdatamodeld */,
			);
			path = LocationTracker;
			sourceTree = "<group>";
		};
		F224DCA41F29458300A53B42 /* LocationTrackerTests */ = {
			isa = PBXGroup;
			children = (
				F224DCA51F29458300A53B42 /* LocationTrackerTests.swift */,
				F224DCA71F29458300A53B42 /* Info.plist */,
			);
			path = LocationTrackerTests;
			sourceTree = "<group>";
		};
		F224DCB01F2945B700A53B42 /* Frameworks */ = {
			isa = PBXGroup;
			children = (
				F224DCB11F2945B800A53B42 /* CoreLocation.framework */,
				A16E7108E5C31B6B1DBA503A /* Pods_LocationTracker.framework */,
				D7ABDDEE4E10DC45A30CE91D /* Pods_LocationTrackerTests.framework */,
			);
			name = Frameworks;
			sourceTree = "<group>";
		};
		F2E64906204CFBF600271D48 /* Networking */ = {
			isa = PBXGroup;
			children = (
				F29A80361F2EE0BE002896D7 /* Networking.swift */,
				F2E64907204CFC5900271D48 /* Parseable.swift */,
				F2E64909204CFCC200271D48 /* Result.swift */,
			);
			path = Networking;
			sourceTree = "<group>";
		};
/* End PBXGroup section */

/* Begin PBXNativeTarget section */
		F224DC891F29458300A53B42 /* LocationTracker */ = {
			isa = PBXNativeTarget;
			buildConfigurationList = F224DCAA1F29458300A53B42 /* Build configuration list for PBXNativeTarget "LocationTracker" */;
			buildPhases = (
				8FAB185E34E51984C536E12C /* [CP] Check Pods Manifest.lock */,
				F224DC861F29458300A53B42 /* Sources */,
				F224DC871F29458300A53B42 /* Frameworks */,
				F224DC881F29458300A53B42 /* Resources */,
				98008658CD102704DEA7799F /* [CP] Embed Pods Frameworks */,
				E7D16B9F366BBA99BED0AAC4 /* [CP] Copy Pods Resources */,
			);
			buildRules = (
			);
			dependencies = (
			);
			name = LocationTracker;
			productName = LocationTracker;
			productReference = F224DC8A1F29458300A53B42 /* LocationTracker.app */;
			productType = "com.apple.product-type.application";
		};
		F224DCA01F29458300A53B42 /* LocationTrackerTests */ = {
			isa = PBXNativeTarget;
			buildConfigurationList = F224DCAD1F29458300A53B42 /* Build configuration list for PBXNativeTarget "LocationTrackerTests" */;
			buildPhases = (
				CE5CB1CB1E65E281C60BACC1 /* [CP] Check Pods Manifest.lock */,
				F224DC9D1F29458300A53B42 /* Sources */,
				F224DC9E1F29458300A53B42 /* Frameworks */,
				F224DC9F1F29458300A53B42 /* Resources */,
				6EB3B27B16CAC3AC9676459E /* [CP] Embed Pods Frameworks */,
				E4FF2C3E90CDDB2C48A00C71 /* [CP] Copy Pods Resources */,
			);
			buildRules = (
			);
			dependencies = (
				F224DCA31F29458300A53B42 /* PBXTargetDependency */,
			);
			name = LocationTrackerTests;
			productName = LocationTrackerTests;
			productReference = F224DCA11F29458300A53B42 /* LocationTrackerTests.xctest */;
			productType = "com.apple.product-type.bundle.unit-test";
		};
/* End PBXNativeTarget section */

/* Begin PBXProject section */
		F224DC821F29458300A53B42 /* Project object */ = {
			isa = PBXProject;
			attributes = {
				LastSwiftUpdateCheck = 0900;
				LastUpgradeCheck = 0900;
				ORGANIZATIONNAME = "Peter Gosling";
				TargetAttributes = {
					F224DC891F29458300A53B42 = {
						CreatedOnToolsVersion = 9.0;
						SystemCapabilities = {
							com.apple.BackgroundModes = {
								enabled = 1;
							};
							com.apple.Push = {
								enabled = 1;
							};
						};
					};
					F224DCA01F29458300A53B42 = {
						CreatedOnToolsVersion = 9.0;
						TestTargetID = F224DC891F29458300A53B42;
					};
				};
			};
			buildConfigurationList = F224DC851F29458300A53B42 /* Build configuration list for PBXProject "LocationTracker" */;
			compatibilityVersion = "Xcode 8.0";
			developmentRegion = en;
			hasScannedForEncodings = 0;
			knownRegions = (
				en,
				Base,
			);
			mainGroup = F224DC811F29458300A53B42;
			productRefGroup = F224DC8B1F29458300A53B42 /* Products */;
			projectDirPath = "";
			projectRoot = "";
			targets = (
				F224DC891F29458300A53B42 /* LocationTracker */,
				F224DCA01F29458300A53B42 /* LocationTrackerTests */,
			);
		};
/* End PBXProject section */

/* Begin PBXResourcesBuildPhase section */
		F224DC881F29458300A53B42 /* Resources */ = {
			isa = PBXResourcesBuildPhase;
			buildActionMask = 2147483647;
			files = (
				F224DC9B1F29458300A53B42 /* LaunchScreen.storyboard in Resources */,
				F224DC981F29458300A53B42 /* Assets.xcassets in Resources */,
				F224DC931F29458300A53B42 /* Main.storyboard in Resources */,
			);
			runOnlyForDeploymentPostprocessing = 0;
		};
		F224DC9F1F29458300A53B42 /* Resources */ = {
			isa = PBXResourcesBuildPhase;
			buildActionMask = 2147483647;
			files = (
			);
			runOnlyForDeploymentPostprocessing = 0;
		};
/* End PBXResourcesBuildPhase section */

/* Begin PBXShellScriptBuildPhase section */
		6EB3B27B16CAC3AC9676459E /* [CP] Embed Pods Frameworks */ = {
			isa = PBXShellScriptBuildPhase;
			buildActionMask = 2147483647;
			files = (
			);
			inputPaths = (
			);
			name = "[CP] Embed Pods Frameworks";
			outputPaths = (
			);
			runOnlyForDeploymentPostprocessing = 0;
			shellPath = /bin/sh;
			shellScript = "\"${SRCROOT}/Pods/Target Support Files/Pods-LocationTrackerTests/Pods-LocationTrackerTests-frameworks.sh\"\n";
			showEnvVarsInLog = 0;
		};
		8FAB185E34E51984C536E12C /* [CP] Check Pods Manifest.lock */ = {
			isa = PBXShellScriptBuildPhase;
			buildActionMask = 2147483647;
			files = (
			);
			inputPaths = (
			);
			name = "[CP] Check Pods Manifest.lock";
			outputPaths = (
			);
			runOnlyForDeploymentPostprocessing = 0;
			shellPath = /bin/sh;
			shellScript = "diff \"${PODS_PODFILE_DIR_PATH}/Podfile.lock\" \"${PODS_ROOT}/Manifest.lock\" > /dev/null\nif [ $? != 0 ] ; then\n    # print error to STDERR\n    echo \"error: The sandbox is not in sync with the Podfile.lock. Run 'pod install' or update your CocoaPods installation.\" >&2\n    exit 1\nfi\n";
			showEnvVarsInLog = 0;
		};
		98008658CD102704DEA7799F /* [CP] Embed Pods Frameworks */ = {
			isa = PBXShellScriptBuildPhase;
			buildActionMask = 2147483647;
			files = (
			);
			inputPaths = (
			);
			name = "[CP] Embed Pods Frameworks";
			outputPaths = (
			);
			runOnlyForDeploymentPostprocessing = 0;
			shellPath = /bin/sh;
			shellScript = "\"${SRCROOT}/Pods/Target Support Files/Pods-LocationTracker/Pods-LocationTracker-frameworks.sh\"\n";
			showEnvVarsInLog = 0;
		};
		CE5CB1CB1E65E281C60BACC1 /* [CP] Check Pods Manifest.lock */ = {
			isa = PBXShellScriptBuildPhase;
			buildActionMask = 2147483647;
			files = (
			);
			inputPaths = (
			);
			name = "[CP] Check Pods Manifest.lock";
			outputPaths = (
			);
			runOnlyForDeploymentPostprocessing = 0;
			shellPath = /bin/sh;
			shellScript = "diff \"${PODS_PODFILE_DIR_PATH}/Podfile.lock\" \"${PODS_ROOT}/Manifest.lock\" > /dev/null\nif [ $? != 0 ] ; then\n    # print error to STDERR\n    echo \"error: The sandbox is not in sync with the Podfile.lock. Run 'pod install' or update your CocoaPods installation.\" >&2\n    exit 1\nfi\n";
			showEnvVarsInLog = 0;
		};
		E4FF2C3E90CDDB2C48A00C71 /* [CP] Copy Pods Resources */ = {
			isa = PBXShellScriptBuildPhase;
			buildActionMask = 2147483647;
			files = (
			);
			inputPaths = (
			);
			name = "[CP] Copy Pods Resources";
			outputPaths = (
			);
			runOnlyForDeploymentPostprocessing = 0;
			shellPath = /bin/sh;
			shellScript = "\"${SRCROOT}/Pods/Target Support Files/Pods-LocationTrackerTests/Pods-LocationTrackerTests-resources.sh\"\n";
			showEnvVarsInLog = 0;
		};
		E7D16B9F366BBA99BED0AAC4 /* [CP] Copy Pods Resources */ = {
			isa = PBXShellScriptBuildPhase;
			buildActionMask = 2147483647;
			files = (
			);
			inputPaths = (
			);
			name = "[CP] Copy Pods Resources";
			outputPaths = (
			);
			runOnlyForDeploymentPostprocessing = 0;
			shellPath = /bin/sh;
			shellScript = "\"${SRCROOT}/Pods/Target Support Files/Pods-LocationTracker/Pods-LocationTracker-resources.sh\"\n";
			showEnvVarsInLog = 0;
		};
/* End PBXShellScriptBuildPhase section */

/* Begin PBXSourcesBuildPhase section */
		F224DC861F29458300A53B42 /* Sources */ = {
			isa = PBXSourcesBuildPhase;
			buildActionMask = 2147483647;
			files = (
				F2E6490A204CFCC200271D48 /* Result.swift in Sources */,
				F29A80391F2EE113002896D7 /* LocationInfo.swift in Sources */,
				F2E64908204CFC5900271D48 /* Parseable.swift in Sources */,
				F29A803B1F2EEBC1002896D7 /* PhoneNumber.swift in Sources */,
				F224DCB41F29463A00A53B42 /* LocationManager.swift in Sources */,
				F29A80371F2EE0BE002896D7 /* Networking.swift in Sources */,
				F224DC901F29458300A53B42 /* ViewController.swift in Sources */,
				F224DC8E1F29458300A53B42 /* AppDelegate.swift in Sources */,
				F224DC961F29458300A53B42 /* LocationTracker.xcdatamodeld in Sources */,
			);
			runOnlyForDeploymentPostprocessing = 0;
		};
		F224DC9D1F29458300A53B42 /* Sources */ = {
			isa = PBXSourcesBuildPhase;
			buildActionMask = 2147483647;
			files = (
				F224DCA61F29458300A53B42 /* LocationTrackerTests.swift in Sources */,
			);
			runOnlyForDeploymentPostprocessing = 0;
		};
/* End PBXSourcesBuildPhase section */

/* Begin PBXTargetDependency section */
		F224DCA31F29458300A53B42 /* PBXTargetDependency */ = {
			isa = PBXTargetDependency;
			target = F224DC891F29458300A53B42 /* LocationTracker */;
			targetProxy = F224DCA21F29458300A53B42 /* PBXContainerItemProxy */;
		};
/* End PBXTargetDependency section */

/* Begin PBXVariantGroup section */
		F224DC911F29458300A53B42 /* Main.storyboard */ = {
			isa = PBXVariantGroup;
			children = (
				F224DC921F29458300A53B42 /* Base */,
			);
			name = Main.storyboard;
			sourceTree = "<group>";
		};
		F224DC991F29458300A53B42 /* LaunchScreen.storyboard */ = {
			isa = PBXVariantGroup;
			children = (
				F224DC9A1F29458300A53B42 /* Base */,
			);
			name = LaunchScreen.storyboard;
			sourceTree = "<group>";
		};
/* End PBXVariantGroup section */

/* Begin XCBuildConfiguration section */
		F224DCA81F29458300A53B42 /* Debug */ = {
			isa = XCBuildConfiguration;
			buildSettings = {
				ALWAYS_SEARCH_USER_PATHS = NO;
				CLANG_ANALYZER_NONNULL = YES;
				CLANG_ANALYZER_NUMBER_OBJECT_CONVERSION = YES_AGGRESSIVE;
				CLANG_CXX_LANGUAGE_STANDARD = "gnu++14";
				CLANG_CXX_LIBRARY = "libc++";
				CLANG_ENABLE_MODULES = YES;
				CLANG_ENABLE_OBJC_ARC = YES;
				CLANG_WARN_BLOCK_CAPTURE_AUTORELEASING = YES;
				CLANG_WARN_BOOL_CONVERSION = YES;
				CLANG_WARN_COMMA = YES;
				CLANG_WARN_CONSTANT_CONVERSION = YES;
				CLANG_WARN_DIRECT_OBJC_ISA_USAGE = YES_ERROR;
				CLANG_WARN_DOCUMENTATION_COMMENTS = YES;
				CLANG_WARN_EMPTY_BODY = YES;
				CLANG_WARN_ENUM_CONVERSION = YES;
				CLANG_WARN_INFINITE_RECURSION = YES;
				CLANG_WARN_INT_CONVERSION = YES;
				CLANG_WARN_NON_LITERAL_NULL_CONVERSION = YES;
				CLANG_WARN_OBJC_LITERAL_CONVERSION = YES;
				CLANG_WARN_OBJC_ROOT_CLASS = YES_ERROR;
				CLANG_WARN_RANGE_LOOP_ANALYSIS = YES;
				CLANG_WARN_STRICT_PROTOTYPES = YES;
				CLANG_WARN_SUSPICIOUS_MOVE = YES;
				CLANG_WARN_UNGUARDED_AVAILABILITY = YES_AGGRESSIVE;
				CLANG_WARN_UNREACHABLE_CODE = YES;
				CLANG_WARN__DUPLICATE_METHOD_MATCH = YES;
				CODE_SIGN_IDENTITY = "iPhone Developer";
				COPY_PHASE_STRIP = NO;
				DEBUG_INFORMATION_FORMAT = dwarf;
				ENABLE_STRICT_OBJC_MSGSEND = YES;
				ENABLE_TESTABILITY = YES;
				GCC_C_LANGUAGE_STANDARD = gnu11;
				GCC_DYNAMIC_NO_PIC = NO;
				GCC_NO_COMMON_BLOCKS = YES;
				GCC_OPTIMIZATION_LEVEL = 0;
				GCC_PREPROCESSOR_DEFINITIONS = (
					"DEBUG=1",
					"$(inherited)",
				);
				GCC_WARN_64_TO_32_BIT_CONVERSION = YES;
				GCC_WARN_ABOUT_RETURN_TYPE = YES_ERROR;
				GCC_WARN_UNDECLARED_SELECTOR = YES;
				GCC_WARN_UNINITIALIZED_AUTOS = YES_AGGRESSIVE;
				GCC_WARN_UNUSED_FUNCTION = YES;
				GCC_WARN_UNUSED_VARIABLE = YES;
				IPHONEOS_DEPLOYMENT_TARGET = 11.0;
				MTL_ENABLE_DEBUG_INFO = YES;
				ONLY_ACTIVE_ARCH = YES;
				SDKROOT = iphoneos;
				SWIFT_ACTIVE_COMPILATION_CONDITIONS = DEBUG;
				SWIFT_OPTIMIZATION_LEVEL = "-Onone";
			};
			name = Debug;
		};
		F224DCA91F29458300A53B42 /* Release */ = {
			isa = XCBuildConfiguration;
			buildSettings = {
				ALWAYS_SEARCH_USER_PATHS = NO;
				CLANG_ANALYZER_NONNULL = YES;
				CLANG_ANALYZER_NUMBER_OBJECT_CONVERSION = YES_AGGRESSIVE;
				CLANG_CXX_LANGUAGE_STANDARD = "gnu++14";
				CLANG_CXX_LIBRARY = "libc++";
				CLANG_ENABLE_MODULES = YES;
				CLANG_ENABLE_OBJC_ARC = YES;
				CLANG_WARN_BLOCK_CAPTURE_AUTORELEASING = YES;
				CLANG_WARN_BOOL_CONVERSION = YES;
				CLANG_WARN_COMMA = YES;
				CLANG_WARN_CONSTANT_CONVERSION = YES;
				CLANG_WARN_DIRECT_OBJC_ISA_USAGE = YES_ERROR;
				CLANG_WARN_DOCUMENTATION_COMMENTS = YES;
				CLANG_WARN_EMPTY_BODY = YES;
				CLANG_WARN_ENUM_CONVERSION = YES;
				CLANG_WARN_INFINITE_RECURSION = YES;
				CLANG_WARN_INT_CONVERSION = YES;
				CLANG_WARN_NON_LITERAL_NULL_CONVERSION = YES;
				CLANG_WARN_OBJC_LITERAL_CONVERSION = YES;
				CLANG_WARN_OBJC_ROOT_CLASS = YES_ERROR;
				CLANG_WARN_RANGE_LOOP_ANALYSIS = YES;
				CLANG_WARN_STRICT_PROTOTYPES = YES;
				CLANG_WARN_SUSPICIOUS_MOVE = YES;
				CLANG_WARN_UNGUARDED_AVAILABILITY = YES_AGGRESSIVE;
				CLANG_WARN_UNREACHABLE_CODE = YES;
				CLANG_WARN__DUPLICATE_METHOD_MATCH = YES;
				CODE_SIGN_IDENTITY = "iPhone Developer";
				COPY_PHASE_STRIP = NO;
				DEBUG_INFORMATION_FORMAT = "dwarf-with-dsym";
				ENABLE_NS_ASSERTIONS = NO;
				ENABLE_STRICT_OBJC_MSGSEND = YES;
				GCC_C_LANGUAGE_STANDARD = gnu11;
				GCC_NO_COMMON_BLOCKS = YES;
				GCC_WARN_64_TO_32_BIT_CONVERSION = YES;
				GCC_WARN_ABOUT_RETURN_TYPE = YES_ERROR;
				GCC_WARN_UNDECLARED_SELECTOR = YES;
				GCC_WARN_UNINITIALIZED_AUTOS = YES_AGGRESSIVE;
				GCC_WARN_UNUSED_FUNCTION = YES;
				GCC_WARN_UNUSED_VARIABLE = YES;
				IPHONEOS_DEPLOYMENT_TARGET = 11.0;
				MTL_ENABLE_DEBUG_INFO = NO;
				SDKROOT = iphoneos;
				SWIFT_OPTIMIZATION_LEVEL = "-Owholemodule";
				VALIDATE_PRODUCT = YES;
			};
			name = Release;
		};
		F224DCAB1F29458300A53B42 /* Debug */ = {
			isa = XCBuildConfiguration;
			baseConfigurationReference = CBC37C29E0413B10CA26C7D7 /* Pods-LocationTracker.debug.xcconfig */;
			buildSettings = {
				ASSETCATALOG_COMPILER_APPICON_NAME = AppIcon;
				CODE_SIGN_ENTITLEMENTS = LocationTracker/LocationTracker.entitlements;
				DEVELOPMENT_TEAM = 3568HZCVV4;
				ENABLE_BITCODE = NO;
				INFOPLIST_FILE = LocationTracker/Info.plist;
				IPHONEOS_DEPLOYMENT_TARGET = 11.0;
				LD_RUNPATH_SEARCH_PATHS = "$(inherited) @executable_path/Frameworks";
				PRODUCT_BUNDLE_IDENTIFIER = com.locationTracker.LocationTracker;
				PRODUCT_NAME = "$(TARGET_NAME)";
				SWIFT_VERSION = 4.0;
				TARGETED_DEVICE_FAMILY = "1,2";
			};
			name = Debug;
		};
		F224DCAC1F29458300A53B42 /* Release */ = {
			isa = XCBuildConfiguration;
			baseConfigurationReference = 3779E8850D946206525B5D6E /* Pods-LocationTracker.release.xcconfig */;
			buildSettings = {
				ASSETCATALOG_COMPILER_APPICON_NAME = AppIcon;
				CODE_SIGN_ENTITLEMENTS = LocationTracker/LocationTracker.entitlements;
				DEVELOPMENT_TEAM = 3568HZCVV4;
				ENABLE_BITCODE = NO;
				INFOPLIST_FILE = LocationTracker/Info.plist;
				IPHONEOS_DEPLOYMENT_TARGET = 11.0;
				LD_RUNPATH_SEARCH_PATHS = "$(inherited) @executable_path/Frameworks";
				PRODUCT_BUNDLE_IDENTIFIER = com.locationTracker.LocationTracker;
				PRODUCT_NAME = "$(TARGET_NAME)";
				SWIFT_VERSION = 4.0;
				TARGETED_DEVICE_FAMILY = "1,2";
			};
			name = Release;
		};
		F224DCAE1F29458300A53B42 /* Debug */ = {
			isa = XCBuildConfiguration;
			baseConfigurationReference = E1E16947BC7DF7A8D8ADA07F /* Pods-LocationTrackerTests.debug.xcconfig */;
			buildSettings = {
				ALWAYS_EMBED_SWIFT_STANDARD_LIBRARIES = YES;
				BUNDLE_LOADER = "$(TEST_HOST)";
				DEVELOPMENT_TEAM = 3568HZCVV4;
				INFOPLIST_FILE = LocationTrackerTests/Info.plist;
				LD_RUNPATH_SEARCH_PATHS = "$(inherited) @executable_path/Frameworks @loader_path/Frameworks";
				PRODUCT_BUNDLE_IDENTIFIER = com.locationTracker.LocationTrackerTests;
				PRODUCT_NAME = "$(TARGET_NAME)";
				SWIFT_VERSION = 4.0;
				TARGETED_DEVICE_FAMILY = "1,2";
				TEST_HOST = "$(BUILT_PRODUCTS_DIR)/LocationTracker.app/LocationTracker";
			};
			name = Debug;
		};
		F224DCAF1F29458300A53B42 /* Release */ = {
			isa = XCBuildConfiguration;
			baseConfigurationReference = 75AA0B321165BE7E10B6E290 /* Pods-LocationTrackerTests.release.xcconfig */;
			buildSettings = {
				ALWAYS_EMBED_SWIFT_STANDARD_LIBRARIES = YES;
				BUNDLE_LOADER = "$(TEST_HOST)";
				DEVELOPMENT_TEAM = 3568HZCVV4;
				INFOPLIST_FILE = LocationTrackerTests/Info.plist;
				LD_RUNPATH_SEARCH_PATHS = "$(inherited) @executable_path/Frameworks @loader_path/Frameworks";
				PRODUCT_BUNDLE_IDENTIFIER = com.locationTracker.LocationTrackerTests;
				PRODUCT_NAME = "$(TARGET_NAME)";
				SWIFT_VERSION = 4.0;
				TARGETED_DEVICE_FAMILY = "1,2";
				TEST_HOST = "$(BUILT_PRODUCTS_DIR)/LocationTracker.app/LocationTracker";
			};
			name = Release;
		};
/* End XCBuildConfiguration section */

/* Begin XCConfigurationList section */
		F224DC851F29458300A53B42 /* Build configuration list for PBXProject "LocationTracker" */ = {
			isa = XCConfigurationList;
			buildConfigurations = (
				F224DCA81F29458300A53B42 /* Debug */,
				F224DCA91F29458300A53B42 /* Release */,
			);
			defaultConfigurationIsVisible = 0;
			defaultConfigurationName = Release;
		};
		F224DCAA1F29458300A53B42 /* Build configuration list for PBXNativeTarget "LocationTracker" */ = {
			isa = XCConfigurationList;
			buildConfigurations = (
				F224DCAB1F29458300A53B42 /* Debug */,
				F224DCAC1F29458300A53B42 /* Release */,
			);
			defaultConfigurationIsVisible = 0;
			defaultConfigurationName = Release;
		};
		F224DCAD1F29458300A53B42 /* Build configuration list for PBXNativeTarget "LocationTrackerTests" */ = {
			isa = XCConfigurationList;
			buildConfigurations = (
				F224DCAE1F29458300A53B42 /* Debug */,
				F224DCAF1F29458300A53B42 /* Release */,
			);
			defaultConfigurationIsVisible = 0;
			defaultConfigurationName = Release;
		};
/* End XCConfigurationList section */

/* Begin XCVersionGroup section */
		F224DC941F29458300A53B42 /* LocationTracker.xcdatamodeld */ = {
			isa = XCVersionGroup;
			children = (
				F224DC951F29458300A53B42 /* LocationTracker.xcdatamodel */,
			);
			currentVersion = F224DC951F29458300A53B42 /* LocationTracker.xcdatamodel */;
			path = LocationTracker.xcdatamodeld;
			sourceTree = "<group>";
			versionGroupType = wrapper.xcdatamodel;
		};
/* End XCVersionGroup section */
	};
	rootObject = F224DC821F29458300A53B42 /* Project object */;
}
