// !$*UTF8*$!
{
	archiveVersion = 1;
	classes = {
	};
	objectVersion = 48;
	objects = {

/* Begin PBXBuildFile section */
		F224DC8E1F29458300A53B42 /* AppDelegate.swift in Sources */ = {isa = PBXBuildFile; fileRef = F224DC8D1F29458300A53B42 /* AppDelegate.swift */; };
		F224DC901F29458300A53B42 /* ViewController.swift in Sources */ = {isa = PBXBuildFile; fileRef = F224DC8F1F29458300A53B42 /* ViewController.swift */; };
		F224DC931F29458300A53B42 /* Main.storyboard in Resources */ = {isa = PBXBuildFile; fileRef = F224DC911F29458300A53B42 /* Main.storyboard */; };
		F224DC961F29458300A53B42 /* LocationTracker.xcdatamodeld in Sources */ = {isa = PBXBuildFile; fileRef = F224DC941F29458300A53B42 /* LocationTracker.xcdatamodeld */; };
		F224DC981F29458300A53B42 /* Assets.xcassets in Resources */ = {isa = PBXBuildFile; fileRef = F224DC971F29458300A53B42 /* Assets.xcassets */; };
		F224DC9B1F29458300A53B42 /* LaunchScreen.storyboard in Resources */ = {isa = PBXBuildFile; fileRef = F224DC991F29458300A53B42 /* LaunchScreen.storyboard */; };
		F224DCA61F29458300A53B42 /* LocationTrackerTests.swift in Sources */ = {isa = PBXBuildFile; fileRef = F224DCA51F29458300A53B42 /* LocationTrackerTests.swift */; };
/* End PBXBuildFile section */

/* Begin PBXContainerItemProxy section */
		F224DCA21F29458300A53B42 /* PBXContainerItemProxy */ = {
			isa = PBXContainerItemProxy;
			containerPortal = F224DC821F29458300A53B42 /* Project object */;
			proxyType = 1;
			remoteGlobalIDString = F224DC891F29458300A53B42;
			remoteInfo = LocationTracker;
		};
/* End PBXContainerItemProxy section */

/* Begin PBXFileReference section */
		F224DC8A1F29458300A53B42 /* LocationTracker.app */ = {isa = PBXFileReference; explicitFileType = wrapper.application; includeInIndex = 0; path = LocationTracker.app; sourceTree = BUILT_PRODUCTS_DIR; };
		F224DC8D1F29458300A53B42 /* AppDelegate.swift */ = {isa = PBXFileReference; lastKnownFileType = sourcecode.swift; path = AppDelegate.swift; sourceTree = "<group>"; };
		F224DC8F1F29458300A53B42 /* ViewController.swift */ = {isa = PBXFileReference; lastKnownFileType = sourcecode.swift; path = ViewController.swift; sourceTree = "<group>"; };
		F224DC921F29458300A53B42 /* Base */ = {isa = PBXFileReference; lastKnownFileType = file.storyboard; name = Base; path = Base.lproj/Main.storyboard; sourceTree = "<group>"; };
		F224DC951F29458300A53B42 /* LocationTracker.xcdatamodel */ = {isa = PBXFileReference; lastKnownFileType = wrapper.xcdatamodel; path = LocationTracker.xcdatamodel; sourceTree = "<group>"; };
		F224DC971F29458300A53B42 /* Assets.xcassets */ = {isa = PBXFileReference; lastKnownFileType = folder.assetcatalog; path = Assets.xcassets; sourceTree = "<group>"; };
		F224DC9A1F29458300A53B42 /* Base */ = {isa = PBXFileReference; lastKnownFileType = file.storyboard; name = Base; path = Base.lproj/LaunchScreen.storyboard; sourceTree = "<group>"; };
		F224DC9C1F29458300A53B42 /* Info.plist */ = {isa = PBXFileReference; lastKnownFileType = text.plist.xml; path = Info.plist; sourceTree = "<group>"; };
		F224DCA11F29458300A53B42 /* LocationTrackerTests.xctest */ = {isa = PBXFileReference; explicitFileType = wrapper.cfbundle; includeInIndex = 0; path = LocationTrackerTests.xctest; sourceTree = BUILT_PRODUCTS_DIR; };
		F224DCA51F29458300A53B42 /* LocationTrackerTests.swift */ = {isa = PBXFileReference; lastKnownFileType = sourcecode.swift; path = LocationTrackerTests.swift; sourceTree = "<group>"; };
		F224DCA71F29458300A53B42 /* Info.plist */ = {isa = PBXFileReference; lastKnownFileType = text.plist.xml; path = Info.plist; sourceTree = "<group>"; };
/* End PBXFileReference section */

/* Begin PBXFrameworksBuildPhase section */
		F224DC871F29458300A53B42 /* Frameworks */ = {
			isa = PBXFrameworksBuildPhase;
			buildActionMask = 2147483647;
			files = (
			);
			runOnlyForDeploymentPostprocessing = 0;
		};
		F224DC9E1F29458300A53B42 /* Frameworks */ = {
			isa = PBXFrameworksBuildPhase;
			buildActionMask = 2147483647;
			files = (
			);
			runOnlyForDeploymentPostprocessing = 0;
		};
/* End PBXFrameworksBuildPhase section */

/* Begin PBXGroup section */
		F224DC811F29458300A53B42 = {
			isa = PBXGroup;
			children = (
				F224DC8C1F29458300A53B42 /* LocationTracker */,
				F224DCA41F29458300A53B42 /* LocationTrackerTests */,
				F224DC8B1F29458300A53B42 /* Products */,
			);
			sourceTree = "<group>";
		};
		F224DC8B1F29458300A53B42 /* Products */ = {
			isa = PBXGroup;
			children = (
				F224DC8A1F29458300A53B42 /* LocationTracker.app */,
				F224DCA11F29458300A53B42 /* LocationTrackerTests.xctest */,
			);
			name = Products;
			sourceTree = "<group>";
		};
		F224DC8C1F29458300A53B42 /* LocationTracker */ = {
			isa = PBXGroup;
			children = (
				F224DC8D1F29458300A53B42 /* AppDelegate.swift */,
				F224DC8F1F29458300A53B42 /* ViewController.swift */,
				F224DC911F29458300A53B42 /* Main.storyboard */,
				F224DC971F29458300A53B42 /* Assets.xcassets */,
				F224DC991F29458300A53B42 /* LaunchScreen.storyboard */,
				F224DC9C1F29458300A53B42 /* Info.plist */,
				F224DC941F29458300A53B42 /* LocationTracker.xcdatamodeld */,
			);
			path = LocationTracker;
			sourceTree = "<group>";
		};
		F224DCA41F29458300A53B42 /* LocationTrackerTests */ = {
			isa = PBXGroup;
			children = (
				F224DCA51F29458300A53B42 /* LocationTrackerTests.swift */,
				F224DCA71F29458300A53B42 /* Info.plist */,
			);
			path = LocationTrackerTests;
			sourceTree = "<group>";
		};
/* End PBXGroup section */

/* Begin PBXNativeTarget section */
		F224DC891F29458300A53B42 /* LocationTracker */ = {
			isa = PBXNativeTarget;
			buildConfigurationList = F224DCAA1F29458300A53B42 /* Build configuration list for PBXNativeTarget "LocationTracker" */;
			buildPhases = (
				F224DC861F29458300A53B42 /* Sources */,
				F224DC871F29458300A53B42 /* Frameworks */,
				F224DC881F29458300A53B42 /* Resources */,
			);
			buildRules = (
			);
			dependencies = (
			);
			name = LocationTracker;
			productName = LocationTracker;
			productReference = F224DC8A1F29458300A53B42 /* LocationTracker.app */;
			productType = "com.apple.product-type.application";
		};
		F224DCA01F29458300A53B42 /* LocationTrackerTests */ = {
			isa = PBXNativeTarget;
			buildConfigurationList = F224DCAD1F29458300A53B42 /* Build configuration list for PBXNativeTarget "LocationTrackerTests" */;
			buildPhases = (
				F224DC9D1F29458300A53B42 /* Sources */,
				F224DC9E1F29458300A53B42 /* Frameworks */,
				F224DC9F1F29458300A53B42 /* Resources */,
			);
			buildRules = (
			);
			dependencies = (
				F224DCA31F29458300A53B42 /* PBXTargetDependency */,
			);
			name = LocationTrackerTests;
			productName = LocationTrackerTests;
			productReference = F224DCA11F29458300A53B42 /* LocationTrackerTests.xctest */;
			productType = "com.apple.product-type.bundle.unit-test";
		};
/* End PBXNativeTarget section */

/* Begin PBXProject section */
		F224DC821F29458300A53B42 /* Project object */ = {
			isa = PBXProject;
			attributes = {
				LastSwiftUpdateCheck = 0900;
				LastUpgradeCheck = 0900;
				ORGANIZATIONNAME = "Peter Gosling";
				TargetAttributes = {
					F224DC891F29458300A53B42 = {
						CreatedOnToolsVersion = 9.0;
					};
					F224DCA01F29458300A53B42 = {
						CreatedOnToolsVersion = 9.0;
						TestTargetID = F224DC891F29458300A53B42;
					};
				};
			};
			buildConfigurationList = F224DC851F29458300A53B42 /* Build configuration list for PBXProject "LocationTracker" */;
			compatibilityVersion = "Xcode 8.0";
			developmentRegion = en;
			hasScannedForEncodings = 0;
			knownRegions = (
				en,
				Base,
			);
			mainGroup = F224DC811F29458300A53B42;
			productRefGroup = F224DC8B1F29458300A53B42 /* Products */;
			projectDirPath = "";
			projectRoot = "";
			targets = (
				F224DC891F29458300A53B42 /* LocationTracker */,
				F224DCA01F29458300A53B42 /* LocationTrackerTests */,
			);
		};
/* End PBXProject section */

/* Begin PBXResourcesBuildPhase section */
		F224DC881F29458300A53B42 /* Resources */ = {
			isa = PBXResourcesBuildPhase;
			buildActionMask = 2147483647;
			files = (
				F224DC9B1F29458300A53B42 /* LaunchScreen.storyboard in Resources */,
				F224DC981F29458300A53B42 /* Assets.xcassets in Resources */,
				F224DC931F29458300A53B42 /* Main.storyboard in Resources */,
			);
			runOnlyForDeploymentPostprocessing = 0;
		};
		F224DC9F1F29458300A53B42 /* Resources */ = {
			isa = PBXResourcesBuildPhase;
			buildActionMask = 2147483647;
			files = (
			);
			runOnlyForDeploymentPostprocessing = 0;
		};
/* End PBXResourcesBuildPhase section */

/* Begin PBXSourcesBuildPhase section */
		F224DC861F29458300A53B42 /* Sources */ = {
			isa = PBXSourcesBuildPhase;
			buildActionMask = 2147483647;
			files = (
				F224DC901F29458300A53B42 /* ViewController.swift in Sources */,
				F224DC8E1F29458300A53B42 /* AppDelegate.swift in Sources */,
				F224DC961F29458300A53B42 /* LocationTracker.xcdatamodeld in Sources */,
			);
			runOnlyForDeploymentPostprocessing = 0;
		};
		F224DC9D1F29458300A53B42 /* Sources */ = {
			isa = PBXSourcesBuildPhase;
			buildActionMask = 2147483647;
			files = (
				F224DCA61F29458300A53B42 /* LocationTrackerTests.swift in Sources */,
			);
			runOnlyForDeploymentPostprocessing = 0;
		};
/* End PBXSourcesBuildPhase section */

/* Begin PBXTargetDependency section */
		F224DCA31F29458300A53B42 /* PBXTargetDependency */ = {
			isa = PBXTargetDependency;
			target = F224DC891F29458300A53B42 /* LocationTracker */;
			targetProxy = F224DCA21F29458300A53B42 /* PBXContainerItemProxy */;
		};
/* End PBXTargetDependency section */

/* Begin PBXVariantGroup section */
		F224DC911F29458300A53B42 /* Main.storyboard */ = {
			isa = PBXVariantGroup;
			children = (
				F224DC921F29458300A53B42 /* Base */,
			);
			name = Main.storyboard;
			sourceTree = "<group>";
		};
		F224DC991F29458300A53B42 /* LaunchScreen.storyboard */ = {
			isa = PBXVariantGroup;
			children = (
				F224DC9A1F29458300A53B42 /* Base */,
			);
			name = LaunchScreen.storyboard;
			sourceTree = "<group>";
		};
/* End PBXVariantGroup section */

/* Begin XCBuildConfiguration section */
		F224DCA81F29458300A53B42 /* Debug */ = {
			isa = XCBuildConfiguration;
			buildSettings = {
				ALWAYS_SEARCH_USER_PATHS = NO;
				CLANG_ANALYZER_NONNULL = YES;
				CLANG_ANALYZER_NUMBER_OBJECT_CONVERSION = YES_AGGRESSIVE;
				CLANG_CXX_LANGUAGE_STANDARD = "gnu++14";
				CLANG_CXX_LIBRARY = "libc++";
				CLANG_ENABLE_MODULES = YES;
				CLANG_ENABLE_OBJC_ARC = YES;
				CLANG_WARN_BLOCK_CAPTURE_AUTORELEASING = YES;
				CLANG_WARN_BOOL_CONVERSION = YES;
				CLANG_WARN_COMMA = YES;
				CLANG_WARN_CONSTANT_CONVERSION = YES;
				CLANG_WARN_DIRECT_OBJC_ISA_USAGE = YES_ERROR;
				CLANG_WARN_DOCUMENTATION_COMMENTS = YES;
				CLANG_WARN_EMPTY_BODY = YES;
				CLANG_WARN_ENUM_CONVERSION = YES;
				CLANG_WARN_INFINITE_RECURSION = YES;
				CLANG_WARN_INT_CONVERSION = YES;
				CLANG_WARN_NON_LITERAL_NULL_CONVERSION = YES;
				CLANG_WARN_OBJC_LITERAL_CONVERSION = YES;
				CLANG_WARN_OBJC_ROOT_CLASS = YES_ERROR;
				CLANG_WARN_RANGE_LOOP_ANALYSIS = YES;
				CLANG_WARN_STRICT_PROTOTYPES = YES;
				CLANG_WARN_SUSPICIOUS_MOVE = YES;
				CLANG_WARN_UNGUARDED_AVAILABILITY = YES_AGGRESSIVE;
				CLANG_WARN_UNREACHABLE_CODE = YES;
				CLANG_WARN__DUPLICATE_METHOD_MATCH = YES;
				CODE_SIGN_IDENTITY = "iPhone Developer";
				COPY_PHASE_STRIP = NO;
				DEBUG_INFORMATION_FORMAT = dwarf;
				ENABLE_STRICT_OBJC_MSGSEND = YES;
				ENABLE_TESTABILITY = YES;
				GCC_C_LANGUAGE_STANDARD = gnu11;
				GCC_DYNAMIC_NO_PIC = NO;
				GCC_NO_COMMON_BLOCKS = YES;
				GCC_OPTIMIZATION_LEVEL = 0;
				GCC_PREPROCESSOR_DEFINITIONS = (
					"DEBUG=1",
					"$(inherited)",
				);
				GCC_WARN_64_TO_32_BIT_CONVERSION = YES;
				GCC_WARN_ABOUT_RETURN_TYPE = YES_ERROR;
				GCC_WARN_UNDECLARED_SELECTOR = YES;
				GCC_WARN_UNINITIALIZED_AUTOS = YES_AGGRESSIVE;
				GCC_WARN_UNUSED_FUNCTION = YES;
				GCC_WARN_UNUSED_VARIABLE = YES;
				IPHONEOS_DEPLOYMENT_TARGET = 11.0;
				MTL_ENABLE_DEBUG_INFO = YES;
				ONLY_ACTIVE_ARCH = YES;
				SDKROOT = iphoneos;
				SWIFT_ACTIVE_COMPILATION_CONDITIONS = DEBUG;
				SWIFT_OPTIMIZATION_LEVEL = "-Onone";
			};
			name = Debug;
		};
		F224DCA91F29458300A53B42 /* Release */ = {
			isa = XCBuildConfiguration;
			buildSettings = {
				ALWAYS_SEARCH_USER_PATHS = NO;
				CLANG_ANALYZER_NONNULL = YES;
				CLANG_ANALYZER_NUMBER_OBJECT_CONVERSION = YES_AGGRESSIVE;
				CLANG_CXX_LANGUAGE_STANDARD = "gnu++14";
				CLANG_CXX_LIBRARY = "libc++";
				CLANG_ENABLE_MODULES = YES;
				CLANG_ENABLE_OBJC_ARC = YES;
				CLANG_WARN_BLOCK_CAPTURE_AUTORELEASING = YES;
				CLANG_WARN_BOOL_CONVERSION = YES;
				CLANG_WARN_COMMA = YES;
				CLANG_WARN_CONSTANT_CONVERSION = YES;
				CLANG_WARN_DIRECT_OBJC_ISA_USAGE = YES_ERROR;
				CLANG_WARN_DOCUMENTATION_COMMENTS = YES;
				CLANG_WARN_EMPTY_BODY = YES;
				CLANG_WARN_ENUM_CONVERSION = YES;
				CLANG_WARN_INFINITE_RECURSION = YES;
				CLANG_WARN_INT_CONVERSION = YES;
				CLANG_WARN_NON_LITERAL_NULL_CONVERSION = YES;
				CLANG_WARN_OBJC_LITERAL_CONVERSION = YES;
				CLANG_WARN_OBJC_ROOT_CLASS = YES_ERROR;
				CLANG_WARN_RANGE_LOOP_ANALYSIS = YES;
				CLANG_WARN_STRICT_PROTOTYPES = YES;
				CLANG_WARN_SUSPICIOUS_MOVE = YES;
				CLANG_WARN_UNGUARDED_AVAILABILITY = YES_AGGRESSIVE;
				CLANG_WARN_UNREACHABLE_CODE = YES;
				CLANG_WARN__DUPLICATE_METHOD_MATCH = YES;
				CODE_SIGN_IDENTITY = "iPhone Developer";
				COPY_PHASE_STRIP = NO;
				DEBUG_INFORMATION_FORMAT = "dwarf-with-dsym";
				ENABLE_NS_ASSERTIONS = NO;
				ENABLE_STRICT_OBJC_MSGSEND = YES;
				GCC_C_LANGUAGE_STANDARD = gnu11;
				GCC_NO_COMMON_BLOCKS = YES;
				GCC_WARN_64_TO_32_BIT_CONVERSION = YES;
				GCC_WARN_ABOUT_RETURN_TYPE = YES_ERROR;
				GCC_WARN_UNDECLARED_SELECTOR = YES;
				GCC_WARN_UNINITIALIZED_AUTOS = YES_AGGRESSIVE;
				GCC_WARN_UNUSED_FUNCTION = YES;
				GCC_WARN_UNUSED_VARIABLE = YES;
				IPHONEOS_DEPLOYMENT_TARGET = 11.0;
				MTL_ENABLE_DEBUG_INFO = NO;
				SDKROOT = iphoneos;
				SWIFT_OPTIMIZATION_LEVEL = "-Owholemodule";
				VALIDATE_PRODUCT = YES;
			};
			name = Release;
		};
		F224DCAB1F29458300A53B42 /* Debug */ = {
			isa = XCBuildConfiguration;
			buildSettings = {
				ASSETCATALOG_COMPILER_APPICON_NAME = AppIcon;
				DEVELOPMENT_TEAM = 3568HZCVV4;
				INFOPLIST_FILE = LocationTracker/Info.plist;
				LD_RUNPATH_SEARCH_PATHS = "$(inherited) @executable_path/Frameworks";
				PRODUCT_BUNDLE_IDENTIFIER = com.locationTracker.LocationTracker;
				PRODUCT_NAME = "$(TARGET_NAME)";
				SWIFT_VERSION = 4.0;
				TARGETED_DEVICE_FAMILY = "1,2";
			};
			name = Debug;
		};
		F224DCAC1F29458300A53B42 /* Release */ = {
			isa = XCBuildConfiguration;
			buildSettings = {
				ASSETCATALOG_COMPILER_APPICON_NAME = AppIcon;
				DEVELOPMENT_TEAM = 3568HZCVV4;
				INFOPLIST_FILE = LocationTracker/Info.plist;
				LD_RUNPATH_SEARCH_PATHS = "$(inherited) @executable_path/Frameworks";
				PRODUCT_BUNDLE_IDENTIFIER = com.locationTracker.LocationTracker;
				PRODUCT_NAME = "$(TARGET_NAME)";
				SWIFT_VERSION = 4.0;
				TARGETED_DEVICE_FAMILY = "1,2";
			};
			name = Release;
		};
		F224DCAE1F29458300A53B42 /* Debug */ = {
			isa = XCBuildConfiguration;
			buildSettings = {
				ALWAYS_EMBED_SWIFT_STANDARD_LIBRARIES = YES;
				BUNDLE_LOADER = "$(TEST_HOST)";
				DEVELOPMENT_TEAM = 3568HZCVV4;
				INFOPLIST_FILE = LocationTrackerTests/Info.plist;
				LD_RUNPATH_SEARCH_PATHS = "$(inherited) @executable_path/Frameworks @loader_path/Frameworks";
				PRODUCT_BUNDLE_IDENTIFIER = com.locationTracker.LocationTrackerTests;
				PRODUCT_NAME = "$(TARGET_NAME)";
				SWIFT_VERSION = 4.0;
				TARGETED_DEVICE_FAMILY = "1,2";
				TEST_HOST = "$(BUILT_PRODUCTS_DIR)/LocationTracker.app/LocationTracker";
			};
			name = Debug;
		};
		F224DCAF1F29458300A53B42 /* Release */ = {
			isa = XCBuildConfiguration;
			buildSettings = {
				ALWAYS_EMBED_SWIFT_STANDARD_LIBRARIES = YES;
				BUNDLE_LOADER = "$(TEST_HOST)";
				DEVELOPMENT_TEAM = 3568HZCVV4;
				INFOPLIST_FILE = LocationTrackerTests/Info.plist;
				LD_RUNPATH_SEARCH_PATHS = "$(inherited) @executable_path/Frameworks @loader_path/Frameworks";
				PRODUCT_BUNDLE_IDENTIFIER = com.locationTracker.LocationTrackerTests;
				PRODUCT_NAME = "$(TARGET_NAME)";
				SWIFT_VERSION = 4.0;
				TARGETED_DEVICE_FAMILY = "1,2";
				TEST_HOST = "$(BUILT_PRODUCTS_DIR)/LocationTracker.app/LocationTracker";
			};
			name = Release;
		};
/* End XCBuildConfiguration section */

/* Begin XCConfigurationList section */
		F224DC851F29458300A53B42 /* Build configuration list for PBXProject "LocationTracker" */ = {
			isa = XCConfigurationList;
			buildConfigurations = (
				F224DCA81F29458300A53B42 /* Debug */,
				F224DCA91F29458300A53B42 /* Release */,
			);
			defaultConfigurationIsVisible = 0;
			defaultConfigurationName = Release;
		};
		F224DCAA1F29458300A53B42 /* Build configuration list for PBXNativeTarget "LocationTracker" */ = {
			isa = XCConfigurationList;
			buildConfigurations = (
				F224DCAB1F29458300A53B42 /* Debug */,
				F224DCAC1F29458300A53B42 /* Release */,
			);
			defaultConfigurationIsVisible = 0;
			defaultConfigurationName = Release;
		};
		F224DCAD1F29458300A53B42 /* Build configuration list for PBXNativeTarget "LocationTrackerTests" */ = {
			isa = XCConfigurationList;
			buildConfigurations = (
				F224DCAE1F29458300A53B42 /* Debug */,
				F224DCAF1F29458300A53B42 /* Release */,
			);
			defaultConfigurationIsVisible = 0;
			defaultConfigurationName = Release;
		};
/* End XCConfigurationList section */

/* Begin XCVersionGroup section */
		F224DC941F29458300A53B42 /* LocationTracker.xcdatamodeld */ = {
			isa = XCVersionGroup;
			children = (
				F224DC951F29458300A53B42 /* LocationTracker.xcdatamodel */,
			);
			currentVersion = F224DC951F29458300A53B42 /* LocationTracker.xcdatamodel */;
			path = LocationTracker.xcdatamodeld;
			sourceTree = "<group>";
			versionGroupType = wrapper.xcdatamodel;
		};
/* End XCVersionGroup section */
	};
	rootObject = F224DC821F29458300A53B42 /* Project object */;
}
